{
	"name": "omegle-crawler-node",
	"version": "1.0.0",
	"lockfileVersion": 1,
	"requires": true,
	"dependencies": {
		"@types/node": {
			"version": "11.13.7",
			"resolved": "https://registry.npmjs.org/@types/node/-/node-11.13.7.tgz",
			"integrity": "sha512-suFHr6hcA9mp8vFrZTgrmqW2ZU3mbWsryQtQlY/QvwTISCw7nw/j+bCQPPohqmskhmqa5wLNuMHTTsc+xf1MQg=="
		},
		"@types/node-fetch": {
			"version": "2.3.3",
			"resolved": "https://registry.npmjs.org/@types/node-fetch/-/node-fetch-2.3.3.tgz",
			"integrity": "sha512-MIplfRxrDTsIbOLGyFqNWTmxho5Fs710Kul35tEcaqkx9He86mGbSCDvILL0LCMfmm+oJ8tDg51crE9+pJGgiQ==",
			"requires": {
				"@types/node": "*"
			}
		},
		"@types/puppeteer": {
			"version": "1.12.3",
			"resolved": "https://registry.npmjs.org/@types/puppeteer/-/puppeteer-1.12.3.tgz",
			"integrity": "sha512-mJtUPdXqB8THRwiHPbx8pkGYi+8IPf3dMuwJS9hHpr59BwkuLDkkEJ4qMST0k6TbOUXp+wyMJii30ouSkoEtaw==",
			"requires": {
				"@types/node": "*"
			}
		},
		"node-fetch": {
			"version": "2.3.0",
			"resolved": "https://registry.npmjs.org/node-fetch/-/node-fetch-2.3.0.tgz",
			"integrity": "sha512-MOd8pV3fxENbryESLgVIeaGKrdl+uaYhCSSVkjeOb/31/njTpcis5aWfdqgNlHIrKOLRbMnfPINPOML2CIFeXA=="
		},
		"typescript": {
			"version": "3.4.5",
			"resolved": "https://registry.npmjs.org/typescript/-/typescript-3.4.5.tgz",
			"integrity": "sha512-YycBxUb49UUhdNMU5aJ7z5Ej2XGmaIBL0x34vZ82fn3hGvD+bgrMrVDpatgz2f7YxUMJxMkbWxJZeAvDxVe7Vw==",
			"dev": true
		}
	}
}
